
Microsoft Visual Studio Solution File, Format Version 12.00
# Visual Studio Version 17
VisualStudioVersion = 17.3.32819.101
MinimumVisualStudioVersion = 10.0.40219.1
Project("{9A19103F-16F7-4668-BE54-9A1E7A4F7556}") = "HRM.Web", "HRM.Web\HRM.Web.csproj", "{B5DA8B2D-05E2-4AD6-A7E4-FB85B8C898DB}"
EndProject
Project("{FAE04EC0-301F-11D3-BF4B-00C04F79EFBC}") = "HRM.ApplicationCore", "HRM.ApplicationCore\HRM.ApplicationCore.csproj", "{DB423C3B-368E-4D29-BA01-2BFA3F054062}"
EndProject
Project("{FAE04EC0-301F-11D3-BF4B-00C04F79EFBC}") = "HRM.Infrastructure", "HRM.Infrastructure\HRM.Infrastructure.csproj", "{623F41AA-8364-4299-BEDF-2741C68AD67B}"
EndProject
Global
	GlobalSection(SolutionConfigurationPlatforms) = preSolution
		Debug|Any CPU = Debug|Any CPU
		Release|Any CPU = Release|Any CPU
	EndGlobalSection
	GlobalSection(ProjectConfigurationPlatforms) = postSolution
		{B5DA8B2D-05E2-4AD6-A7E4-FB85B8C898DB}.Debug|Any CPU.ActiveCfg = Debug|Any CPU
		{B5DA8B2D-05E2-4AD6-A7E4-FB85B8C898DB}.Debug|Any CPU.Build.0 = Debug|Any CPU
		{B5DA8B2D-05E2-4AD6-A7E4-FB85B8C898DB}.Release|Any CPU.ActiveCfg = Release|Any CPU
		{B5DA8B2D-05E2-4AD6-A7E4-FB85B8C898DB}.Release|Any CPU.Build.0 = Release|Any CPU
		{DB423C3B-368E-4D29-BA01-2BFA3F054062}.Debug|Any CPU.ActiveCfg = Debug|Any CPU
		{DB423C3B-368E-4D29-BA01-2BFA3F054062}.Debug|Any CPU.Build.0 = Debug|Any CPU
		{DB423C3B-368E-4D29-BA01-2BFA3F054062}.Release|Any CPU.ActiveCfg = Release|Any CPU
		{DB423C3B-368E-4D29-BA01-2BFA3F054062}.Release|Any CPU.Build.0 = Release|Any CPU
		{623F41AA-8364-4299-BEDF-2741C68AD67B}.Debug|Any CPU.ActiveCfg = Debug|Any CPU
		{623F41AA-8364-4299-BEDF-2741C68AD67B}.Debug|Any CPU.Build.0 = Debug|Any CPU
		{623F41AA-8364-4299-BEDF-2741C68AD67B}.Release|Any CPU.ActiveCfg = Release|Any CPU
		{623F41AA-8364-4299-BEDF-2741C68AD67B}.Release|Any CPU.Build.0 = Release|Any CPU
	EndGlobalSection
	GlobalSection(SolutionProperties) = preSolution
		HideSolutionNode = FALSE
	EndGlobalSection
	GlobalSection(ExtensibilityGlobals) = postSolution
		SolutionGuid = {CE98BF2E-BE6F-477A-B768-8BB577A83605}
	EndGlobalSection
EndGlobal
